{
  "name": "User-Dashboard",
  "lockfileVersion": 2,
  "requires": true,
  "packages": {
    "": {
      "dependencies": {
        "docxtemplater": "^3.42.1",
        "jszip": "^2.7.0"
      }
    },
    "node_modules/@xmldom/xmldom": {
      "version": "0.8.10",
      "resolved": "https://registry.npmjs.org/@xmldom/xmldom/-/xmldom-0.8.10.tgz",
      "integrity": "sha512-2WALfTl4xo2SkGCYRt6rDTFfk9R1czmBvUQy12gK2KuRKIpWEhcbbzy8EZXtz/jkRqHX8bFEc6FC1HjX4TUWYw==",
      "engines": {
        "node": ">=10.0.0"
      }
    },
    "node_modules/docxtemplater": {
      "version": "3.42.1",
      "resolved": "https://registry.npmjs.org/docxtemplater/-/docxtemplater-3.42.1.tgz",
      "integrity": "sha512-gIwyseG2GsTNbMD3Jkt9C3Wli62Lv1qppitwfm+fQUsU3IxT8fiNijkh8w6JPg/TZqCeJv3ToIIQ+Mfc7XjDaw==",
      "dependencies": {
        "@xmldom/xmldom": "^0.8.10"
      },
      "engines": {
        "node": ">=0.10"
      }
    },
    "node_modules/jszip": {
      "version": "2.7.0",
      "resolved": "https://registry.npmjs.org/jszip/-/jszip-2.7.0.tgz",
      "integrity": "sha512-JIsRKRVC3gTRo2vM4Wy9WBC3TRcfnIZU8k65Phi3izkvPH975FowRYtKGT6PxevA0XnJ/yO8b0QwV0ydVyQwfw==",
      "dependencies": {
        "pako": "~1.0.2"
      }
    },
    "node_modules/pako": {
      "version": "1.0.11",
      "resolved": "https://registry.npmjs.org/pako/-/pako-1.0.11.tgz",
      "integrity": "sha512-4hLB8Py4zZce5s4yd9XzopqwVv/yGNhV1Bl8NTmCq1763HeK2+EwVTv+leGeL13Dnh2wfbqowVPXCIO0z4taYw=="
    }
  },
  "dependencies": {
    "@xmldom/xmldom": {
      "version": "0.8.10",
      "resolved": "https://registry.npmjs.org/@xmldom/xmldom/-/xmldom-0.8.10.tgz",
      "integrity": "sha512-2WALfTl4xo2SkGCYRt6rDTFfk9R1czmBvUQy12gK2KuRKIpWEhcbbzy8EZXtz/jkRqHX8bFEc6FC1HjX4TUWYw=="
    },
    "docxtemplater": {
      "version": "3.42.1",
      "resolved": "https://registry.npmjs.org/docxtemplater/-/docxtemplater-3.42.1.tgz",
      "integrity": "sha512-gIwyseG2GsTNbMD3Jkt9C3Wli62Lv1qppitwfm+fQUsU3IxT8fiNijkh8w6JPg/TZqCeJv3ToIIQ+Mfc7XjDaw==",
      "requires": {
        "@xmldom/xmldom": "^0.8.10"
      }
    },
    "jszip": {
      "version": "2.7.0",
      "resolved": "https://registry.npmjs.org/jszip/-/jszip-2.7.0.tgz",
      "integrity": "sha512-JIsRKRVC3gTRo2vM4Wy9WBC3TRcfnIZU8k65Phi3izkvPH975FowRYtKGT6PxevA0XnJ/yO8b0QwV0ydVyQwfw==",
      "requires": {
        "pako": "~1.0.2"
      }
    },
    "pako": {
      "version": "1.0.11",
      "resolved": "https://registry.npmjs.org/pako/-/pako-1.0.11.tgz",
      "integrity": "sha512-4hLB8Py4zZce5s4yd9XzopqwVv/yGNhV1Bl8NTmCq1763HeK2+EwVTv+leGeL13Dnh2wfbqowVPXCIO0z4taYw=="
    }
  }
}
